// !$*UTF8*$!
{
	archiveVersion = 1;
	classes = {
	};
	objectVersion = 46;
	objects = {

/* Begin PBXBuildFile section */
		3A65A6151C7B701C008A5120 /* AppDelegate.swift in Sources */ = {isa = PBXBuildFile; fileRef = 3A65A6141C7B701C008A5120 /* AppDelegate.swift */; };
		3A65A6171C7B701C008A5120 /* ViewController.swift in Sources */ = {isa = PBXBuildFile; fileRef = 3A65A6161C7B701C008A5120 /* ViewController.swift */; };
		3A65A61A1C7B701C008A5120 /* Main.storyboard in Resources */ = {isa = PBXBuildFile; fileRef = 3A65A6181C7B701C008A5120 /* Main.storyboard */; };
		3A65A61C1C7B701C008A5120 /* Assets.xcassets in Resources */ = {isa = PBXBuildFile; fileRef = 3A65A61B1C7B701C008A5120 /* Assets.xcassets */; };
		3A65A61F1C7B701C008A5120 /* LaunchScreen.storyboard in Resources */ = {isa = PBXBuildFile; fileRef = 3A65A61D1C7B701C008A5120 /* LaunchScreen.storyboard */; };
		3A65A62A1C7B701C008A5120 /* GoGithubTests.swift in Sources */ = {isa = PBXBuildFile; fileRef = 3A65A6291C7B701C008A5120 /* GoGithubTests.swift */; };
		3A65A6381C7B8244008A5120 /* GithubOAuth.swift in Sources */ = {isa = PBXBuildFile; fileRef = 3A65A6371C7B8244008A5120 /* GithubOAuth.swift */; };
/* End PBXBuildFile section */

/* Begin PBXContainerItemProxy section */
		3A65A6261C7B701C008A5120 /* PBXContainerItemProxy */ = {
			isa = PBXContainerItemProxy;
			containerPortal = 3A65A6091C7B701C008A5120 /* Project object */;
			proxyType = 1;
			remoteGlobalIDString = 3A65A6101C7B701C008A5120;
			remoteInfo = GoGithub;
		};
/* End PBXContainerItemProxy section */

/* Begin PBXFileReference section */
		3A65A6111C7B701C008A5120 /* GoGithub.app */ = {isa = PBXFileReference; explicitFileType = wrapper.application; includeInIndex = 0; path = GoGithub.app; sourceTree = BUILT_PRODUCTS_DIR; };
		3A65A6141C7B701C008A5120 /* AppDelegate.swift */ = {isa = PBXFileReference; lastKnownFileType = sourcecode.swift; path = AppDelegate.swift; sourceTree = "<group>"; };
		3A65A6161C7B701C008A5120 /* ViewController.swift */ = {isa = PBXFileReference; lastKnownFileType = sourcecode.swift; path = ViewController.swift; sourceTree = "<group>"; };
		3A65A6191C7B701C008A5120 /* Base */ = {isa = PBXFileReference; lastKnownFileType = file.storyboard; name = Base; path = Base.lproj/Main.storyboard; sourceTree = "<group>"; };
		3A65A61B1C7B701C008A5120 /* Assets.xcassets */ = {isa = PBXFileReference; lastKnownFileType = folder.assetcatalog; path = Assets.xcassets; sourceTree = "<group>"; };
		3A65A61E1C7B701C008A5120 /* Base */ = {isa = PBXFileReference; lastKnownFileType = file.storyboard; name = Base; path = Base.lproj/LaunchScreen.storyboard; sourceTree = "<group>"; };
		3A65A6201C7B701C008A5120 /* Info.plist */ = {isa = PBXFileReference; lastKnownFileType = text.plist.xml; path = Info.plist; sourceTree = "<group>"; };
		3A65A6251C7B701C008A5120 /* GoGithubTests.xctest */ = {isa = PBXFileReference; explicitFileType = wrapper.cfbundle; includeInIndex = 0; path = GoGithubTests.xctest; sourceTree = BUILT_PRODUCTS_DIR; };
		3A65A6291C7B701C008A5120 /* GoGithubTests.swift */ = {isa = PBXFileReference; lastKnownFileType = sourcecode.swift; path = GoGithubTests.swift; sourceTree = "<group>"; };
		3A65A62B1C7B701C008A5120 /* Info.plist */ = {isa = PBXFileReference; lastKnownFileType = text.plist.xml; path = Info.plist; sourceTree = "<group>"; };
		3A65A6371C7B8244008A5120 /* GithubOAuth.swift */ = {isa = PBXFileReference; fileEncoding = 4; lastKnownFileType = sourcecode.swift; path = GithubOAuth.swift; sourceTree = "<group>"; };
/* End PBXFileReference section */

/* Begin PBXFrameworksBuildPhase section */
		3A65A60E1C7B701C008A5120 /* Frameworks */ = {
			isa = PBXFrameworksBuildPhase;
			buildActionMask = 2147483647;
			files = (
			);
			runOnlyForDeploymentPostprocessing = 0;
		};
		3A65A6221C7B701C008A5120 /* Frameworks */ = {
			isa = PBXFrameworksBuildPhase;
			buildActionMask = 2147483647;
			files = (
			);
			runOnlyForDeploymentPostprocessing = 0;
		};
/* End PBXFrameworksBuildPhase section */

/* Begin PBXGroup section */
		3A65A6081C7B701C008A5120 = {
			isa = PBXGroup;
			children = (
				3A65A6131C7B701C008A5120 /* GoGithub */,
				3A65A6281C7B701C008A5120 /* GoGithubTests */,
				3A65A6121C7B701C008A5120 /* Products */,
			);
			sourceTree = "<group>";
		};
		3A65A6121C7B701C008A5120 /* Products */ = {
			isa = PBXGroup;
			children = (
				3A65A6111C7B701C008A5120 /* GoGithub.app */,
				3A65A6251C7B701C008A5120 /* GoGithubTests.xctest */,
			);
			name = Products;
			sourceTree = "<group>";
		};
		3A65A6131C7B701C008A5120 /* GoGithub */ = {
			isa = PBXGroup;
			children = (
				3A65A6341C7B7074008A5120 /* App Global */,
				3A65A6351C7B707F008A5120 /* Controller */,
				3A65A6181C7B701C008A5120 /* Main.storyboard */,
				3A65A61B1C7B701C008A5120 /* Assets.xcassets */,
				3A65A6361C7B7089008A5120 /* View */,
			);
			path = GoGithub;
			sourceTree = "<group>";
		};
		3A65A6281C7B701C008A5120 /* GoGithubTests */ = {
			isa = PBXGroup;
			children = (
				3A65A6291C7B701C008A5120 /* GoGithubTests.swift */,
				3A65A62B1C7B701C008A5120 /* Info.plist */,
			);
			path = GoGithubTests;
			sourceTree = "<group>";
		};
		3A65A6341C7B7074008A5120 /* App Global */ = {
			isa = PBXGroup;
			children = (
				3A65A6141C7B701C008A5120 /* AppDelegate.swift */,
				3A65A6201C7B701C008A5120 /* Info.plist */,
				3A65A6391C7B824F008A5120 /* API */,
			);
			name = "App Global";
			sourceTree = "<group>";
		};
		3A65A6351C7B707F008A5120 /* Controller */ = {
			isa = PBXGroup;
			children = (
				3A65A6161C7B701C008A5120 /* ViewController.swift */,
			);
			name = Controller;
			sourceTree = "<group>";
		};
		3A65A6361C7B7089008A5120 /* View */ = {
			isa = PBXGroup;
			children = (
				3A65A61D1C7B701C008A5120 /* LaunchScreen.storyboard */,
			);
			name = View;
			sourceTree = "<group>";
		};
		3A65A6391C7B824F008A5120 /* API */ = {
			isa = PBXGroup;
			children = (
				3A65A6371C7B8244008A5120 /* GithubOAuth.swift */,
			);
			name = API;
			sourceTree = "<group>";
		};
/* End PBXGroup section */

/* Begin PBXNativeTarget section */
		3A65A6101C7B701C008A5120 /* GoGithub */ = {
			isa = PBXNativeTarget;
			buildConfigurationList = 3A65A62E1C7B701C008A5120 /* Build configuration list for PBXNativeTarget "GoGithub" */;
			buildPhases = (
				3A65A60D1C7B701C008A5120 /* Sources */,
				3A65A60E1C7B701C008A5120 /* Frameworks */,
				3A65A60F1C7B701C008A5120 /* Resources */,
			);
			buildRules = (
			);
			dependencies = (
			);
			name = GoGithub;
			productName = GoGithub;
			productReference = 3A65A6111C7B701C008A5120 /* GoGithub.app */;
			productType = "com.apple.product-type.application";
		};
		3A65A6241C7B701C008A5120 /* GoGithubTests */ = {
			isa = PBXNativeTarget;
			buildConfigurationList = 3A65A6311C7B701C008A5120 /* Build configuration list for PBXNativeTarget "GoGithubTests" */;
			buildPhases = (
				3A65A6211C7B701C008A5120 /* Sources */,
				3A65A6221C7B701C008A5120 /* Frameworks */,
				3A65A6231C7B701C008A5120 /* Resources */,
			);
			buildRules = (
			);
			dependencies = (
				3A65A6271C7B701C008A5120 /* PBXTargetDependency */,
			);
			name = GoGithubTests;
			productName = GoGithubTests;
			productReference = 3A65A6251C7B701C008A5120 /* GoGithubTests.xctest */;
			productType = "com.apple.product-type.bundle.unit-test";
		};
/* End PBXNativeTarget section */

/* Begin PBXProject section */
		3A65A6091C7B701C008A5120 /* Project object */ = {
			isa = PBXProject;
			attributes = {
				LastSwiftUpdateCheck = 0720;
				LastUpgradeCheck = 0720;
				ORGANIZATIONNAME = "Ryan David";
				TargetAttributes = {
					3A65A6101C7B701C008A5120 = {
						CreatedOnToolsVersion = 7.2.1;
					};
					3A65A6241C7B701C008A5120 = {
						CreatedOnToolsVersion = 7.2.1;
						TestTargetID = 3A65A6101C7B701C008A5120;
					};
				};
			};
			buildConfigurationList = 3A65A60C1C7B701C008A5120 /* Build configuration list for PBXProject "GoGithub" */;
			compatibilityVersion = "Xcode 3.2";
			developmentRegion = English;
			hasScannedForEncodings = 0;
			knownRegions = (
				en,
				Base,
			);
			mainGroup = 3A65A6081C7B701C008A5120;
			productRefGroup = 3A65A6121C7B701C008A5120 /* Products */;
			projectDirPath = "";
			projectRoot = "";
			targets = (
				3A65A6101C7B701C008A5120 /* GoGithub */,
				3A65A6241C7B701C008A5120 /* GoGithubTests */,
			);
		};
/* End PBXProject section */

/* Begin PBXResourcesBuildPhase section */
		3A65A60F1C7B701C008A5120 /* Resources */ = {
			isa = PBXResourcesBuildPhase;
			buildActionMask = 2147483647;
			files = (
				3A65A61F1C7B701C008A5120 /* LaunchScreen.storyboard in Resources */,
				3A65A61C1C7B701C008A5120 /* Assets.xcassets in Resources */,
				3A65A61A1C7B701C008A5120 /* Main.storyboard in Resources */,
			);
			runOnlyForDeploymentPostprocessing = 0;
		};
		3A65A6231C7B701C008A5120 /* Resources */ = {
			isa = PBXResourcesBuildPhase;
			buildActionMask = 2147483647;
			files = (
			);
			runOnlyForDeploymentPostprocessing = 0;
		};
/* End PBXResourcesBuildPhase section */

/* Begin PBXSourcesBuildPhase section */
		3A65A60D1C7B701C008A5120 /* Sources */ = {
			isa = PBXSourcesBuildPhase;
			buildActionMask = 2147483647;
			files = (
				3A65A6171C7B701C008A5120 /* ViewController.swift in Sources */,
				3A65A6151C7B701C008A5120 /* AppDelegate.swift in Sources */,
				3A65A6381C7B8244008A5120 /* GithubOAuth.swift in Sources */,
			);
			runOnlyForDeploymentPostprocessing = 0;
		};
		3A65A6211C7B701C008A5120 /* Sources */ = {
			isa = PBXSourcesBuildPhase;
			buildActionMask = 2147483647;
			files = (
				3A65A62A1C7B701C008A5120 /* GoGithubTests.swift in Sources */,
			);
			runOnlyForDeploymentPostprocessing = 0;
		};
/* End PBXSourcesBuildPhase section */

/* Begin PBXTargetDependency section */
		3A65A6271C7B701C008A5120 /* PBXTargetDependency */ = {
			isa = PBXTargetDependency;
			target = 3A65A6101C7B701C008A5120 /* GoGithub */;
			targetProxy = 3A65A6261C7B701C008A5120 /* PBXContainerItemProxy */;
		};
/* End PBXTargetDependency section */

/* Begin PBXVariantGroup section */
		3A65A6181C7B701C008A5120 /* Main.storyboard */ = {
			isa = PBXVariantGroup;
			children = (
				3A65A6191C7B701C008A5120 /* Base */,
			);
			name = Main.storyboard;
			sourceTree = "<group>";
		};
		3A65A61D1C7B701C008A5120 /* LaunchScreen.storyboard */ = {
			isa = PBXVariantGroup;
			children = (
				3A65A61E1C7B701C008A5120 /* Base */,
			);
			name = LaunchScreen.storyboard;
			sourceTree = "<group>";
		};
/* End PBXVariantGroup section */

/* Begin XCBuildConfiguration section */
		3A65A62C1C7B701C008A5120 /* Debug */ = {
			isa = XCBuildConfiguration;
			buildSettings = {
				ALWAYS_SEARCH_USER_PATHS = NO;
				CLANG_CXX_LANGUAGE_STANDARD = "gnu++0x";
				CLANG_CXX_LIBRARY = "libc++";
				CLANG_ENABLE_MODULES = YES;
				CLANG_ENABLE_OBJC_ARC = YES;
				CLANG_WARN_BOOL_CONVERSION = YES;
				CLANG_WARN_CONSTANT_CONVERSION = YES;
				CLANG_WARN_DIRECT_OBJC_ISA_USAGE = YES_ERROR;
				CLANG_WARN_EMPTY_BODY = YES;
				CLANG_WARN_ENUM_CONVERSION = YES;
				CLANG_WARN_INT_CONVERSION = YES;
				CLANG_WARN_OBJC_ROOT_CLASS = YES_ERROR;
				CLANG_WARN_UNREACHABLE_CODE = YES;
				CLANG_WARN__DUPLICATE_METHOD_MATCH = YES;
				"CODE_SIGN_IDENTITY[sdk=iphoneos*]" = "iPhone Developer";
				COPY_PHASE_STRIP = NO;
				DEBUG_INFORMATION_FORMAT = dwarf;
				ENABLE_STRICT_OBJC_MSGSEND = YES;
				ENABLE_TESTABILITY = YES;
				GCC_C_LANGUAGE_STANDARD = gnu99;
				GCC_DYNAMIC_NO_PIC = NO;
				GCC_NO_COMMON_BLOCKS = YES;
				GCC_OPTIMIZATION_LEVEL = 0;
				GCC_PREPROCESSOR_DEFINITIONS = (
					"DEBUG=1",
					"$(inherited)",
				);
				GCC_WARN_64_TO_32_BIT_CONVERSION = YES;
				GCC_WARN_ABOUT_RETURN_TYPE = YES_ERROR;
				GCC_WARN_UNDECLARED_SELECTOR = YES;
				GCC_WARN_UNINITIALIZED_AUTOS = YES_AGGRESSIVE;
				GCC_WARN_UNUSED_FUNCTION = YES;
				GCC_WARN_UNUSED_VARIABLE = YES;
				IPHONEOS_DEPLOYMENT_TARGET = 9.2;
				MTL_ENABLE_DEBUG_INFO = YES;
				ONLY_ACTIVE_ARCH = YES;
				SDKROOT = iphoneos;
				SWIFT_OPTIMIZATION_LEVEL = "-Onone";
				TARGETED_DEVICE_FAMILY = "1,2";
			};
			name = Debug;
		};
		3A65A62D1C7B701C008A5120 /* Release */ = {
			isa = XCBuildConfiguration;
			buildSettings = {
				ALWAYS_SEARCH_USER_PATHS = NO;
				CLANG_CXX_LANGUAGE_STANDARD = "gnu++0x";
				CLANG_CXX_LIBRARY = "libc++";
				CLANG_ENABLE_MODULES = YES;
				CLANG_ENABLE_OBJC_ARC = YES;
				CLANG_WARN_BOOL_CONVERSION = YES;
				CLANG_WARN_CONSTANT_CONVERSION = YES;
				CLANG_WARN_DIRECT_OBJC_ISA_USAGE = YES_ERROR;
				CLANG_WARN_EMPTY_BODY = YES;
				CLANG_WARN_ENUM_CONVERSION = YES;
				CLANG_WARN_INT_CONVERSION = YES;
				CLANG_WARN_OBJC_ROOT_CLASS = YES_ERROR;
				CLANG_WARN_UNREACHABLE_CODE = YES;
				CLANG_WARN__DUPLICATE_METHOD_MATCH = YES;
				"CODE_SIGN_IDENTITY[sdk=iphoneos*]" = "iPhone Developer";
				COPY_PHASE_STRIP = NO;
				DEBUG_INFORMATION_FORMAT = "dwarf-with-dsym";
				ENABLE_NS_ASSERTIONS = NO;
				ENABLE_STRICT_OBJC_MSGSEND = YES;
				GCC_C_LANGUAGE_STANDARD = gnu99;
				GCC_NO_COMMON_BLOCKS = YES;
				GCC_WARN_64_TO_32_BIT_CONVERSION = YES;
				GCC_WARN_ABOUT_RETURN_TYPE = YES_ERROR;
				GCC_WARN_UNDECLARED_SELECTOR = YES;
				GCC_WARN_UNINITIALIZED_AUTOS = YES_AGGRESSIVE;
				GCC_WARN_UNUSED_FUNCTION = YES;
				GCC_WARN_UNUSED_VARIABLE = YES;
				IPHONEOS_DEPLOYMENT_TARGET = 9.2;
				MTL_ENABLE_DEBUG_INFO = NO;
				SDKROOT = iphoneos;
				TARGETED_DEVICE_FAMILY = "1,2";
				VALIDATE_PRODUCT = YES;
			};
			name = Release;
		};
		3A65A62F1C7B701C008A5120 /* Debug */ = {
			isa = XCBuildConfiguration;
			buildSettings = {
				ASSETCATALOG_COMPILER_APPICON_NAME = AppIcon;
				INFOPLIST_FILE = GoGithub/Info.plist;
				LD_RUNPATH_SEARCH_PATHS = "$(inherited) @executable_path/Frameworks";
				PRODUCT_BUNDLE_IDENTIFIER = com.ryandavid.GoGithub;
				PRODUCT_NAME = "$(TARGET_NAME)";
			};
			name = Debug;
		};
		3A65A6301C7B701C008A5120 /* Release */ = {
			isa = XCBuildConfiguration;
			buildSettings = {
				ASSETCATALOG_COMPILER_APPICON_NAME = AppIcon;
				INFOPLIST_FILE = GoGithub/Info.plist;
				LD_RUNPATH_SEARCH_PATHS = "$(inherited) @executable_path/Frameworks";
				PRODUCT_BUNDLE_IDENTIFIER = com.ryandavid.GoGithub;
				PRODUCT_NAME = "$(TARGET_NAME)";
			};
			name = Release;
		};
		3A65A6321C7B701C008A5120 /* Debug */ = {
			isa = XCBuildConfiguration;
			buildSettings = {
				BUNDLE_LOADER = "$(TEST_HOST)";
				INFOPLIST_FILE = GoGithubTests/Info.plist;
				LD_RUNPATH_SEARCH_PATHS = "$(inherited) @executable_path/Frameworks @loader_path/Frameworks";
				PRODUCT_BUNDLE_IDENTIFIER = com.ryandavid.GoGithubTests;
				PRODUCT_NAME = "$(TARGET_NAME)";
				TEST_HOST = "$(BUILT_PRODUCTS_DIR)/GoGithub.app/GoGithub";
			};
			name = Debug;
		};
		3A65A6331C7B701C008A5120 /* Release */ = {
			isa = XCBuildConfiguration;
			buildSettings = {
				BUNDLE_LOADER = "$(TEST_HOST)";
				INFOPLIST_FILE = GoGithubTests/Info.plist;
				LD_RUNPATH_SEARCH_PATHS = "$(inherited) @executable_path/Frameworks @loader_path/Frameworks";
				PRODUCT_BUNDLE_IDENTIFIER = com.ryandavid.GoGithubTests;
				PRODUCT_NAME = "$(TARGET_NAME)";
				TEST_HOST = "$(BUILT_PRODUCTS_DIR)/GoGithub.app/GoGithub";
			};
			name = Release;
		};
/* End XCBuildConfiguration section */

/* Begin XCConfigurationList section */
		3A65A60C1C7B701C008A5120 /* Build configuration list for PBXProject "GoGithub" */ = {
			isa = XCConfigurationList;
			buildConfigurations = (
				3A65A62C1C7B701C008A5120 /* Debug */,
				3A65A62D1C7B701C008A5120 /* Release */,
			);
			defaultConfigurationIsVisible = 0;
			defaultConfigurationName = Release;
		};
		3A65A62E1C7B701C008A5120 /* Build configuration list for PBXNativeTarget "GoGithub" */ = {
			isa = XCConfigurationList;
			buildConfigurations = (
				3A65A62F1C7B701C008A5120 /* Debug */,
				3A65A6301C7B701C008A5120 /* Release */,
			);
			defaultConfigurationIsVisible = 0;
		};
		3A65A6311C7B701C008A5120 /* Build configuration list for PBXNativeTarget "GoGithubTests" */ = {
			isa = XCConfigurationList;
			buildConfigurations = (
				3A65A6321C7B701C008A5120 /* Debug */,
				3A65A6331C7B701C008A5120 /* Release */,
			);
			defaultConfigurationIsVisible = 0;
		};
/* End XCConfigurationList section */
	};
	rootObject = 3A65A6091C7B701C008A5120 /* Project object */;
}
